// !$*UTF8*$!
{
	archiveVersion = 1;
	classes = {
	};
	objectVersion = 50;
	objects = {

/* Begin PBXBuildFile section */
		804300B5244609BC0040E719 /* LaunchScreen.storyboard in Resources */ = {isa = PBXBuildFile; fileRef = 804300B3244609BC0040E719 /* LaunchScreen.storyboard */; };
		804300B8244609C20040E719 /* Main.storyboard in Resources */ = {isa = PBXBuildFile; fileRef = 804300B6244609C20040E719 /* Main.storyboard */; };
		804300BA244609D60040E719 /* AppDelegate.swift in Sources */ = {isa = PBXBuildFile; fileRef = 804300B9244609D60040E719 /* AppDelegate.swift */; };
		804300BC244609DC0040E719 /* Assets.xcassets in Resources */ = {isa = PBXBuildFile; fileRef = 804300BB244609DC0040E719 /* Assets.xcassets */; };
		804300BE244609E00040E719 /* SceneDelegate.swift in Sources */ = {isa = PBXBuildFile; fileRef = 804300BD244609E00040E719 /* SceneDelegate.swift */; };
		804300C0244609F00040E719 /* MainScreenStoryboard.storyboard in Resources */ = {isa = PBXBuildFile; fileRef = 804300BF244609EF0040E719 /* MainScreenStoryboard.storyboard */; };
		804300C2244609F50040E719 /* MainScreenView.swift in Sources */ = {isa = PBXBuildFile; fileRef = 804300C1244609F50040E719 /* MainScreenView.swift */; };
		805CF1E5245134490099703D /* pianoF.m4a in Resources */ = {isa = PBXBuildFile; fileRef = 805CF1D8245134480099703D /* pianoF.m4a */; };
		805CF1E8245134490099703D /* pianoE.m4a in Resources */ = {isa = PBXBuildFile; fileRef = 805CF1DB245134480099703D /* pianoE.m4a */; };
		805CF1E9245134490099703D /* pianoC.m4a in Resources */ = {isa = PBXBuildFile; fileRef = 805CF1DC245134480099703D /* pianoC.m4a */; };
		805CF1EA245134490099703D /* pianoD.m4a in Resources */ = {isa = PBXBuildFile; fileRef = 805CF1DD245134480099703D /* pianoD.m4a */; };
		805CF1EB245134490099703D /* pianoA.m4a in Resources */ = {isa = PBXBuildFile; fileRef = 805CF1DE245134480099703D /* pianoA.m4a */; };
		805CF1EC245134490099703D /* pianoB.m4a in Resources */ = {isa = PBXBuildFile; fileRef = 805CF1DF245134480099703D /* pianoB.m4a */; };
		805CF1F0245134490099703D /* pianoG.m4a in Resources */ = {isa = PBXBuildFile; fileRef = 805CF1E3245134490099703D /* pianoG.m4a */; };
		805CF1FF245134860099703D /* acousticGuitarA.m4a in Resources */ = {isa = PBXBuildFile; fileRef = 805CF1F2245134850099703D /* acousticGuitarA.m4a */; };
		805CF200245134860099703D /* acousticGuitarE.m4a in Resources */ = {isa = PBXBuildFile; fileRef = 805CF1F3245134850099703D /* acousticGuitarE.m4a */; };
		805CF201245134860099703D /* acousticGuitarD.m4a in Resources */ = {isa = PBXBuildFile; fileRef = 805CF1F4245134850099703D /* acousticGuitarD.m4a */; };
		805CF202245134860099703D /* acousticGuitarC.m4a in Resources */ = {isa = PBXBuildFile; fileRef = 805CF1F5245134850099703D /* acousticGuitarC.m4a */; };
		805CF205245134860099703D /* acousticGuitarF.m4a in Resources */ = {isa = PBXBuildFile; fileRef = 805CF1F8245134860099703D /* acousticGuitarF.m4a */; };
		805CF206245134860099703D /* acousticGuitarB.m4a in Resources */ = {isa = PBXBuildFile; fileRef = 805CF1F9245134860099703D /* acousticGuitarB.m4a */; };
		805CF20A245134860099703D /* acousticGuitarG.m4a in Resources */ = {isa = PBXBuildFile; fileRef = 805CF1FD245134860099703D /* acousticGuitarG.m4a */; };
		805CF210245142350099703D /* Instruments.swift in Sources */ = {isa = PBXBuildFile; fileRef = 805CF20F245142350099703D /* Instruments.swift */; };
		8090F5F3244DEFC900E00E80 /* TextGenerator.swift in Sources */ = {isa = PBXBuildFile; fileRef = 8090F5F2244DEFC900E00E80 /* TextGenerator.swift */; };
		8090F5F5244F4A3200E00E80 /* TextReader.swift in Sources */ = {isa = PBXBuildFile; fileRef = 8090F5F4244F4A3200E00E80 /* TextReader.swift */; };
		8090F5F7244F4C2000E00E80 /* SoundPlayer.swift in Sources */ = {isa = PBXBuildFile; fileRef = 8090F5F6244F4C2000E00E80 /* SoundPlayer.swift */; };
		80EA24C624460E7100F04808 /* InstructionsScreenStoryboard.storyboard in Resources */ = {isa = PBXBuildFile; fileRef = 80EA24C524460E7100F04808 /* InstructionsScreenStoryboard.storyboard */; };
		80EA24C824460E8C00F04808 /* InstructionsView.swift in Sources */ = {isa = PBXBuildFile; fileRef = 80EA24C724460E8C00F04808 /* InstructionsView.swift */; };
/* End PBXBuildFile section */

/* Begin PBXFileReference section */
		804300B1244609AC0040E719 /* Info.plist */ = {isa = PBXFileReference; fileEncoding = 4; lastKnownFileType = text.plist.xml; path = Info.plist; sourceTree = "<group>"; };
		804300B4244609BC0040E719 /* Base */ = {isa = PBXFileReference; lastKnownFileType = file.storyboard; name = Base; path = Base.lproj/LaunchScreen.storyboard; sourceTree = "<group>"; };
		804300B7244609C20040E719 /* Base */ = {isa = PBXFileReference; lastKnownFileType = file.storyboard; name = Base; path = Base.lproj/Main.storyboard; sourceTree = "<group>"; };
		804300B9244609D60040E719 /* AppDelegate.swift */ = {isa = PBXFileReference; fileEncoding = 4; lastKnownFileType = sourcecode.swift; name = AppDelegate.swift; path = Support/AppDelegate.swift; sourceTree = SOURCE_ROOT; };
		804300BB244609DC0040E719 /* Assets.xcassets */ = {isa = PBXFileReference; lastKnownFileType = folder.assetcatalog; name = Assets.xcassets; path = Support/Assets.xcassets; sourceTree = SOURCE_ROOT; };
		804300BD244609E00040E719 /* SceneDelegate.swift */ = {isa = PBXFileReference; fileEncoding = 4; lastKnownFileType = sourcecode.swift; name = SceneDelegate.swift; path = Support/SceneDelegate.swift; sourceTree = SOURCE_ROOT; };
		804300BF244609EF0040E719 /* MainScreenStoryboard.storyboard */ = {isa = PBXFileReference; fileEncoding = 4; lastKnownFileType = file.storyboard; name = MainScreenStoryboard.storyboard; path = View/MainScreenStoryboard.storyboard; sourceTree = SOURCE_ROOT; };
		804300C1244609F50040E719 /* MainScreenView.swift */ = {isa = PBXFileReference; fileEncoding = 4; lastKnownFileType = sourcecode.swift; name = MainScreenView.swift; path = View/MainScreenView.swift; sourceTree = SOURCE_ROOT; };
		805CF1D8245134480099703D /* pianoF.m4a */ = {isa = PBXFileReference; lastKnownFileType = file; name = pianoF.m4a; path = Normal/pianoF.m4a; sourceTree = "<group>"; };
		805CF1DB245134480099703D /* pianoE.m4a */ = {isa = PBXFileReference; lastKnownFileType = file; name = pianoE.m4a; path = Normal/pianoE.m4a; sourceTree = "<group>"; };
		805CF1DC245134480099703D /* pianoC.m4a */ = {isa = PBXFileReference; lastKnownFileType = file; name = pianoC.m4a; path = Normal/pianoC.m4a; sourceTree = "<group>"; };
		805CF1DD245134480099703D /* pianoD.m4a */ = {isa = PBXFileReference; lastKnownFileType = file; name = pianoD.m4a; path = Normal/pianoD.m4a; sourceTree = "<group>"; };
		805CF1DE245134480099703D /* pianoA.m4a */ = {isa = PBXFileReference; lastKnownFileType = file; name = pianoA.m4a; path = Normal/pianoA.m4a; sourceTree = "<group>"; };
		805CF1DF245134480099703D /* pianoB.m4a */ = {isa = PBXFileReference; lastKnownFileType = file; name = pianoB.m4a; path = Normal/pianoB.m4a; sourceTree = "<group>"; };
		805CF1E3245134490099703D /* pianoG.m4a */ = {isa = PBXFileReference; lastKnownFileType = file; name = pianoG.m4a; path = Normal/pianoG.m4a; sourceTree = "<group>"; };
		805CF1F2245134850099703D /* acousticGuitarA.m4a */ = {isa = PBXFileReference; lastKnownFileType = file; name = acousticGuitarA.m4a; path = Normal/acousticGuitarA.m4a; sourceTree = "<group>"; };
		805CF1F3245134850099703D /* acousticGuitarE.m4a */ = {isa = PBXFileReference; lastKnownFileType = file; name = acousticGuitarE.m4a; path = Normal/acousticGuitarE.m4a; sourceTree = "<group>"; };
		805CF1F4245134850099703D /* acousticGuitarD.m4a */ = {isa = PBXFileReference; lastKnownFileType = file; name = acousticGuitarD.m4a; path = Normal/acousticGuitarD.m4a; sourceTree = "<group>"; };
		805CF1F5245134850099703D /* acousticGuitarC.m4a */ = {isa = PBXFileReference; lastKnownFileType = file; name = acousticGuitarC.m4a; path = Normal/acousticGuitarC.m4a; sourceTree = "<group>"; };
		805CF1F8245134860099703D /* acousticGuitarF.m4a */ = {isa = PBXFileReference; lastKnownFileType = file; name = acousticGuitarF.m4a; path = Normal/acousticGuitarF.m4a; sourceTree = "<group>"; };
		805CF1F9245134860099703D /* acousticGuitarB.m4a */ = {isa = PBXFileReference; lastKnownFileType = file; name = acousticGuitarB.m4a; path = Normal/acousticGuitarB.m4a; sourceTree = "<group>"; };
		805CF1FD245134860099703D /* acousticGuitarG.m4a */ = {isa = PBXFileReference; lastKnownFileType = file; name = acousticGuitarG.m4a; path = Normal/acousticGuitarG.m4a; sourceTree = "<group>"; };
		805CF20F245142350099703D /* Instruments.swift */ = {isa = PBXFileReference; lastKnownFileType = sourcecode.swift; path = Instruments.swift; sourceTree = "<group>"; };
		8090F5F2244DEFC900E00E80 /* TextGenerator.swift */ = {isa = PBXFileReference; lastKnownFileType = sourcecode.swift; name = TextGenerator.swift; path = Controller/TextGenerator.swift; sourceTree = SOURCE_ROOT; };
		8090F5F4244F4A3200E00E80 /* TextReader.swift */ = {isa = PBXFileReference; lastKnownFileType = sourcecode.swift; name = TextReader.swift; path = Controller/TextReader.swift; sourceTree = SOURCE_ROOT; };
		8090F5F6244F4C2000E00E80 /* SoundPlayer.swift */ = {isa = PBXFileReference; lastKnownFileType = sourcecode.swift; name = SoundPlayer.swift; path = Controller/SoundPlayer.swift; sourceTree = SOURCE_ROOT; };
		80EA24C524460E7100F04808 /* InstructionsScreenStoryboard.storyboard */ = {isa = PBXFileReference; lastKnownFileType = file.storyboard; path = InstructionsScreenStoryboard.storyboard; sourceTree = "<group>"; };
		80EA24C724460E8C00F04808 /* InstructionsView.swift */ = {isa = PBXFileReference; lastKnownFileType = sourcecode.swift; path = InstructionsView.swift; sourceTree = "<group>"; };
		80FB4327244601C000F54884 /* MusicGenerator.app */ = {isa = PBXFileReference; explicitFileType = wrapper.application; includeInIndex = 0; path = MusicGenerator.app; sourceTree = BUILT_PRODUCTS_DIR; };
/* End PBXFileReference section */

/* Begin PBXFrameworksBuildPhase section */
		80FB4324244601C000F54884 /* Frameworks */ = {
			isa = PBXFrameworksBuildPhase;
			buildActionMask = 2147483647;
			files = (
			);
			runOnlyForDeploymentPostprocessing = 0;
		};
/* End PBXFrameworksBuildPhase section */

/* Begin PBXGroup section */
		804300AD2446088D0040E719 /* View */ = {
			isa = PBXGroup;
			children = (
				804300BF244609EF0040E719 /* MainScreenStoryboard.storyboard */,
				804300C1244609F50040E719 /* MainScreenView.swift */,
				80EA24C524460E7100F04808 /* InstructionsScreenStoryboard.storyboard */,
				80EA24C724460E8C00F04808 /* InstructionsView.swift */,
			);
			path = View;
			sourceTree = "<group>";
		};
		804300AE244608930040E719 /* Controller */ = {
			isa = PBXGroup;
			children = (
				8090F5F2244DEFC900E00E80 /* TextGenerator.swift */,
				8090F5F4244F4A3200E00E80 /* TextReader.swift */,
				8090F5F6244F4C2000E00E80 /* SoundPlayer.swift */,
			);
			path = Controller;
			sourceTree = "<group>";
		};
		804300B02446089B0040E719 /* Support */ = {
			isa = PBXGroup;
			children = (
				804300B1244609AC0040E719 /* Info.plist */,
				804300B9244609D60040E719 /* AppDelegate.swift */,
				804300BB244609DC0040E719 /* Assets.xcassets */,
				804300BD244609E00040E719 /* SceneDelegate.swift */,
			);
			path = Support;
			sourceTree = "<group>";
		};
		805CF19B245132E70099703D /* Sounds */ = {
			isa = PBXGroup;
			children = (
				805CF19D245132F80099703D /* Guitar */,
				805CF19C245132F00099703D /* Piano */,
			);
			path = Sounds;
			sourceTree = "<group>";
		};
		805CF19C245132F00099703D /* Piano */ = {
			isa = PBXGroup;
			children = (
				805CF1DE245134480099703D /* pianoA.m4a */,
				805CF1DF245134480099703D /* pianoB.m4a */,
				805CF1DC245134480099703D /* pianoC.m4a */,
				805CF1DD245134480099703D /* pianoD.m4a */,
				805CF1DB245134480099703D /* pianoE.m4a */,
				805CF1D8245134480099703D /* pianoF.m4a */,
				805CF1E3245134490099703D /* pianoG.m4a */,
			);
			path = Piano;
			sourceTree = "<group>";
		};
		805CF19D245132F80099703D /* Guitar */ = {
			isa = PBXGroup;
			children = (
				805CF1F2245134850099703D /* acousticGuitarA.m4a */,
				805CF1F9245134860099703D /* acousticGuitarB.m4a */,
				805CF1F5245134850099703D /* acousticGuitarC.m4a */,
				805CF1F4245134850099703D /* acousticGuitarD.m4a */,
				805CF1F3245134850099703D /* acousticGuitarE.m4a */,
				805CF1F8245134860099703D /* acousticGuitarF.m4a */,
				805CF1FD245134860099703D /* acousticGuitarG.m4a */,
			);
			path = Guitar;
			sourceTree = "<group>";
		};
		805CF20E2451422F0099703D /* Model */ = {
			isa = PBXGroup;
			children = (
				805CF20F245142350099703D /* Instruments.swift */,
			);
			path = Model;
			sourceTree = "<group>";
		};
		80FB431E244601C000F54884 = {
			isa = PBXGroup;
			children = (
				80FB4329244601C000F54884 /* MusicGenerator */,
				804300B6244609C20040E719 /* Main.storyboard */,
				804300B3244609BC0040E719 /* LaunchScreen.storyboard */,
				80FB4328244601C000F54884 /* Products */,
			);
			sourceTree = "<group>";
		};
		80FB4328244601C000F54884 /* Products */ = {
			isa = PBXGroup;
			children = (
				80FB4327244601C000F54884 /* MusicGenerator.app */,
			);
			name = Products;
			sourceTree = "<group>";
		};
		80FB4329244601C000F54884 /* MusicGenerator */ = {
			isa = PBXGroup;
			children = (
				805CF19B245132E70099703D /* Sounds */,
				804300B02446089B0040E719 /* Support */,
				805CF20E2451422F0099703D /* Model */,
				804300AE244608930040E719 /* Controller */,
				804300AD2446088D0040E719 /* View */,
			);
			path = MusicGenerator;
			sourceTree = "<group>";
		};
/* End PBXGroup section */

/* Begin PBXNativeTarget section */
		80FB4326244601C000F54884 /* MusicGenerator */ = {
			isa = PBXNativeTarget;
			buildConfigurationList = 80FB433B244601C100F54884 /* Build configuration list for PBXNativeTarget "MusicGenerator" */;
			buildPhases = (
				80FB4323244601C000F54884 /* Sources */,
				80FB4324244601C000F54884 /* Frameworks */,
				80FB4325244601C000F54884 /* Resources */,
			);
			buildRules = (
			);
			dependencies = (
			);
			name = MusicGenerator;
			productName = MusicGenerator;
			productReference = 80FB4327244601C000F54884 /* MusicGenerator.app */;
			productType = "com.apple.product-type.application";
		};
/* End PBXNativeTarget section */

/* Begin PBXProject section */
		80FB431F244601C000F54884 /* Project object */ = {
			isa = PBXProject;
			attributes = {
				LastSwiftUpdateCheck = 1140;
				LastUpgradeCheck = 1140;
				ORGANIZATIONNAME = "Henrique Figueiredo Conte";
				TargetAttributes = {
					80FB4326244601C000F54884 = {
						CreatedOnToolsVersion = 11.4;
						LastSwiftMigration = 1140;
					};
				};
			};
			buildConfigurationList = 80FB4322244601C000F54884 /* Build configuration list for PBXProject "MusicGenerator" */;
			compatibilityVersion = "Xcode 9.3";
			developmentRegion = en;
			hasScannedForEncodings = 0;
			knownRegions = (
				en,
				Base,
			);
			mainGroup = 80FB431E244601C000F54884;
			productRefGroup = 80FB4328244601C000F54884 /* Products */;
			projectDirPath = "";
			projectRoot = "";
			targets = (
				80FB4326244601C000F54884 /* MusicGenerator */,
			);
		};
/* End PBXProject section */

/* Begin PBXResourcesBuildPhase section */
		80FB4325244601C000F54884 /* Resources */ = {
			isa = PBXResourcesBuildPhase;
			buildActionMask = 2147483647;
			files = (
				805CF205245134860099703D /* acousticGuitarF.m4a in Resources */,
				805CF1EC245134490099703D /* pianoB.m4a in Resources */,
				805CF1E9245134490099703D /* pianoC.m4a in Resources */,
				804300C0244609F00040E719 /* MainScreenStoryboard.storyboard in Resources */,
				804300B8244609C20040E719 /* Main.storyboard in Resources */,
				805CF1E8245134490099703D /* pianoE.m4a in Resources */,
				805CF206245134860099703D /* acousticGuitarB.m4a in Resources */,
				805CF201245134860099703D /* acousticGuitarD.m4a in Resources */,
				80EA24C624460E7100F04808 /* InstructionsScreenStoryboard.storyboard in Resources */,
				805CF202245134860099703D /* acousticGuitarC.m4a in Resources */,
				805CF20A245134860099703D /* acousticGuitarG.m4a in Resources */,
				804300BC244609DC0040E719 /* Assets.xcassets in Resources */,
				805CF1FF245134860099703D /* acousticGuitarA.m4a in Resources */,
				805CF200245134860099703D /* acousticGuitarE.m4a in Resources */,
				804300B5244609BC0040E719 /* LaunchScreen.storyboard in Resources */,
				805CF1EA245134490099703D /* pianoD.m4a in Resources */,
				805CF1EB245134490099703D /* pianoA.m4a in Resources */,
				805CF1F0245134490099703D /* pianoG.m4a in Resources */,
				805CF1E5245134490099703D /* pianoF.m4a in Resources */,
			);
			runOnlyForDeploymentPostprocessing = 0;
		};
/* End PBXResourcesBuildPhase section */

/* Begin PBXSourcesBuildPhase section */
		80FB4323244601C000F54884 /* Sources */ = {
			isa = PBXSourcesBuildPhase;
			buildActionMask = 2147483647;
			files = (
				805CF210245142350099703D /* Instruments.swift in Sources */,
				804300BA244609D60040E719 /* AppDelegate.swift in Sources */,
				8090F5F7244F4C2000E00E80 /* SoundPlayer.swift in Sources */,
				80EA24C824460E8C00F04808 /* InstructionsView.swift in Sources */,
				8090F5F3244DEFC900E00E80 /* TextGenerator.swift in Sources */,
				8090F5F5244F4A3200E00E80 /* TextReader.swift in Sources */,
				804300C2244609F50040E719 /* MainScreenView.swift in Sources */,
				804300BE244609E00040E719 /* SceneDelegate.swift in Sources */,
			);
			runOnlyForDeploymentPostprocessing = 0;
		};
/* End PBXSourcesBuildPhase section */

/* Begin PBXVariantGroup section */
		804300B3244609BC0040E719 /* LaunchScreen.storyboard */ = {
			isa = PBXVariantGroup;
			children = (
				804300B4244609BC0040E719 /* Base */,
			);
			name = LaunchScreen.storyboard;
			sourceTree = "<group>";
		};
		804300B6244609C20040E719 /* Main.storyboard */ = {
			isa = PBXVariantGroup;
			children = (
				804300B7244609C20040E719 /* Base */,
			);
			name = Main.storyboard;
			sourceTree = "<group>";
		};
/* End PBXVariantGroup section */

/* Begin XCBuildConfiguration section */
		80FB4339244601C100F54884 /* Debug */ = {
			isa = XCBuildConfiguration;
			buildSettings = {
				ALWAYS_SEARCH_USER_PATHS = NO;
				CLANG_ANALYZER_NONNULL = YES;
				CLANG_ANALYZER_NUMBER_OBJECT_CONVERSION = YES_AGGRESSIVE;
				CLANG_CXX_LANGUAGE_STANDARD = "gnu++14";
				CLANG_CXX_LIBRARY = "libc++";
				CLANG_ENABLE_MODULES = YES;
				CLANG_ENABLE_OBJC_ARC = YES;
				CLANG_ENABLE_OBJC_WEAK = YES;
				CLANG_WARN_BLOCK_CAPTURE_AUTORELEASING = YES;
				CLANG_WARN_BOOL_CONVERSION = YES;
				CLANG_WARN_COMMA = YES;
				CLANG_WARN_CONSTANT_CONVERSION = YES;
				CLANG_WARN_DEPRECATED_OBJC_IMPLEMENTATIONS = YES;
				CLANG_WARN_DIRECT_OBJC_ISA_USAGE = YES_ERROR;
				CLANG_WARN_DOCUMENTATION_COMMENTS = YES;
				CLANG_WARN_EMPTY_BODY = YES;
				CLANG_WARN_ENUM_CONVERSION = YES;
				CLANG_WARN_INFINITE_RECURSION = YES;
				CLANG_WARN_INT_CONVERSION = YES;
				CLANG_WARN_NON_LITERAL_NULL_CONVERSION = YES;
				CLANG_WARN_OBJC_IMPLICIT_RETAIN_SELF = YES;
				CLANG_WARN_OBJC_LITERAL_CONVERSION = YES;
				CLANG_WARN_OBJC_ROOT_CLASS = YES_ERROR;
				CLANG_WARN_RANGE_LOOP_ANALYSIS = YES;
				CLANG_WARN_STRICT_PROTOTYPES = YES;
				CLANG_WARN_SUSPICIOUS_MOVE = YES;
				CLANG_WARN_UNGUARDED_AVAILABILITY = YES_AGGRESSIVE;
				CLANG_WARN_UNREACHABLE_CODE = YES;
				CLANG_WARN__DUPLICATE_METHOD_MATCH = YES;
				COPY_PHASE_STRIP = NO;
				DEBUG_INFORMATION_FORMAT = dwarf;
				ENABLE_STRICT_OBJC_MSGSEND = YES;
				ENABLE_TESTABILITY = YES;
				GCC_C_LANGUAGE_STANDARD = gnu11;
				GCC_DYNAMIC_NO_PIC = NO;
				GCC_NO_COMMON_BLOCKS = YES;
				GCC_OPTIMIZATION_LEVEL = 0;
				GCC_PREPROCESSOR_DEFINITIONS = (
					"DEBUG=1",
					"$(inherited)",
				);
				GCC_WARN_64_TO_32_BIT_CONVERSION = YES;
				GCC_WARN_ABOUT_RETURN_TYPE = YES_ERROR;
				GCC_WARN_UNDECLARED_SELECTOR = YES;
				GCC_WARN_UNINITIALIZED_AUTOS = YES_AGGRESSIVE;
				GCC_WARN_UNUSED_FUNCTION = YES;
				GCC_WARN_UNUSED_VARIABLE = YES;
				IPHONEOS_DEPLOYMENT_TARGET = 13.4;
				MTL_ENABLE_DEBUG_INFO = INCLUDE_SOURCE;
				MTL_FAST_MATH = YES;
				ONLY_ACTIVE_ARCH = YES;
				SDKROOT = iphoneos;
				SWIFT_ACTIVE_COMPILATION_CONDITIONS = DEBUG;
				SWIFT_OPTIMIZATION_LEVEL = "-Onone";
			};
			name = Debug;
		};
		80FB433A244601C100F54884 /* Release */ = {
			isa = XCBuildConfiguration;
			buildSettings = {
				ALWAYS_SEARCH_USER_PATHS = NO;
				CLANG_ANALYZER_NONNULL = YES;
				CLANG_ANALYZER_NUMBER_OBJECT_CONVERSION = YES_AGGRESSIVE;
				CLANG_CXX_LANGUAGE_STANDARD = "gnu++14";
				CLANG_CXX_LIBRARY = "libc++";
				CLANG_ENABLE_MODULES = YES;
				CLANG_ENABLE_OBJC_ARC = YES;
				CLANG_ENABLE_OBJC_WEAK = YES;
				CLANG_WARN_BLOCK_CAPTURE_AUTORELEASING = YES;
				CLANG_WARN_BOOL_CONVERSION = YES;
				CLANG_WARN_COMMA = YES;
				CLANG_WARN_CONSTANT_CONVERSION = YES;
				CLANG_WARN_DEPRECATED_OBJC_IMPLEMENTATIONS = YES;
				CLANG_WARN_DIRECT_OBJC_ISA_USAGE = YES_ERROR;
				CLANG_WARN_DOCUMENTATION_COMMENTS = YES;
				CLANG_WARN_EMPTY_BODY = YES;
				CLANG_WARN_ENUM_CONVERSION = YES;
				CLANG_WARN_INFINITE_RECURSION = YES;
				CLANG_WARN_INT_CONVERSION = YES;
				CLANG_WARN_NON_LITERAL_NULL_CONVERSION = YES;
				CLANG_WARN_OBJC_IMPLICIT_RETAIN_SELF = YES;
				CLANG_WARN_OBJC_LITERAL_CONVERSION = YES;
				CLANG_WARN_OBJC_ROOT_CLASS = YES_ERROR;
				CLANG_WARN_RANGE_LOOP_ANALYSIS = YES;
				CLANG_WARN_STRICT_PROTOTYPES = YES;
				CLANG_WARN_SUSPICIOUS_MOVE = YES;
				CLANG_WARN_UNGUARDED_AVAILABILITY = YES_AGGRESSIVE;
				CLANG_WARN_UNREACHABLE_CODE = YES;
				CLANG_WARN__DUPLICATE_METHOD_MATCH = YES;
				COPY_PHASE_STRIP = NO;
				DEBUG_INFORMATION_FORMAT = "dwarf-with-dsym";
				ENABLE_NS_ASSERTIONS = NO;
				ENABLE_STRICT_OBJC_MSGSEND = YES;
				GCC_C_LANGUAGE_STANDARD = gnu11;
				GCC_NO_COMMON_BLOCKS = YES;
				GCC_WARN_64_TO_32_BIT_CONVERSION = YES;
				GCC_WARN_ABOUT_RETURN_TYPE = YES_ERROR;
				GCC_WARN_UNDECLARED_SELECTOR = YES;
				GCC_WARN_UNINITIALIZED_AUTOS = YES_AGGRESSIVE;
				GCC_WARN_UNUSED_FUNCTION = YES;
				GCC_WARN_UNUSED_VARIABLE = YES;
				IPHONEOS_DEPLOYMENT_TARGET = 13.4;
				MTL_ENABLE_DEBUG_INFO = NO;
				MTL_FAST_MATH = YES;
				SDKROOT = iphoneos;
				SWIFT_COMPILATION_MODE = wholemodule;
				SWIFT_OPTIMIZATION_LEVEL = "-O";
				VALIDATE_PRODUCT = YES;
			};
			name = Release;
		};
		80FB433C244601C100F54884 /* Debug */ = {
			isa = XCBuildConfiguration;
			buildSettings = {
				ASSETCATALOG_COMPILER_APPICON_NAME = AppIcon;
				CLANG_ENABLE_MODULES = YES;
				CODE_SIGN_STYLE = Automatic;
				DEVELOPMENT_TEAM = 4NP5AK64M5;
				INFOPLIST_FILE = MusicGenerator/Support/Info.plist;
				LD_RUNPATH_SEARCH_PATHS = (
					"$(inherited)",
					"@executable_path/Frameworks",
				);
				PRODUCT_BUNDLE_IDENTIFIER = henriqueConte.MusicGenerator;
				PRODUCT_NAME = "$(TARGET_NAME)";
				SWIFT_OPTIMIZATION_LEVEL = "-Onone";
				SWIFT_VERSION = 5.0;
				TARGETED_DEVICE_FAMILY = "1,2";
			};
			name = Debug;
		};
		80FB433D244601C100F54884 /* Release */ = {
			isa = XCBuildConfiguration;
			buildSettings = {
				ASSETCATALOG_COMPILER_APPICON_NAME = AppIcon;
				CLANG_ENABLE_MODULES = YES;
				CODE_SIGN_STYLE = Automatic;
				DEVELOPMENT_TEAM = 4NP5AK64M5;
				INFOPLIST_FILE = MusicGenerator/Support/Info.plist;
				LD_RUNPATH_SEARCH_PATHS = (
					"$(inherited)",
					"@executable_path/Frameworks",
				);
				PRODUCT_BUNDLE_IDENTIFIER = henriqueConte.MusicGenerator;
				PRODUCT_NAME = "$(TARGET_NAME)";
				SWIFT_VERSION = 5.0;
				TARGETED_DEVICE_FAMILY = "1,2";
			};
			name = Release;
		};
/* End XCBuildConfiguration section */

/* Begin XCConfigurationList section */
		80FB4322244601C000F54884 /* Build configuration list for PBXProject "MusicGenerator" */ = {
			isa = XCConfigurationList;
			buildConfigurations = (
				80FB4339244601C100F54884 /* Debug */,
				80FB433A244601C100F54884 /* Release */,
			);
			defaultConfigurationIsVisible = 0;
			defaultConfigurationName = Release;
		};
		80FB433B244601C100F54884 /* Build configuration list for PBXNativeTarget "MusicGenerator" */ = {
			isa = XCConfigurationList;
			buildConfigurations = (
				80FB433C244601C100F54884 /* Debug */,
				80FB433D244601C100F54884 /* Release */,
			);
			defaultConfigurationIsVisible = 0;
			defaultConfigurationName = Release;
		};
/* End XCConfigurationList section */
	};
	rootObject = 80FB431F244601C000F54884 /* Project object */;
}
