// !$*UTF8*$!
{
	archiveVersion = 1;
	classes = {
	};
	objectVersion = 50;
	objects = {

/* Begin PBXBuildFile section */
		8075F5CF243A3309000199BA /* AppDelegate.swift in Sources */ = {isa = PBXBuildFile; fileRef = 8075F5CE243A3309000199BA /* AppDelegate.swift */; };
		8075F5D1243A3309000199BA /* SceneDelegate.swift in Sources */ = {isa = PBXBuildFile; fileRef = 8075F5D0243A3309000199BA /* SceneDelegate.swift */; };
		8075F5D3243A3309000199BA /* ContentView.swift in Sources */ = {isa = PBXBuildFile; fileRef = 8075F5D2243A3309000199BA /* ContentView.swift */; };
		8075F5D5243A330B000199BA /* Assets.xcassets in Resources */ = {isa = PBXBuildFile; fileRef = 8075F5D4243A330B000199BA /* Assets.xcassets */; };
		8075F5D8243A330B000199BA /* Preview Assets.xcassets in Resources */ = {isa = PBXBuildFile; fileRef = 8075F5D7243A330B000199BA /* Preview Assets.xcassets */; };
		8075F5DB243A330B000199BA /* LaunchScreen.storyboard in Resources */ = {isa = PBXBuildFile; fileRef = 8075F5D9243A330B000199BA /* LaunchScreen.storyboard */; };
/* End PBXBuildFile section */

/* Begin PBXFileReference section */
		8075F5CB243A3309000199BA /* MusicGenerator.app */ = {isa = PBXFileReference; explicitFileType = wrapper.application; includeInIndex = 0; path = MusicGenerator.app; sourceTree = BUILT_PRODUCTS_DIR; };
		8075F5CE243A3309000199BA /* AppDelegate.swift */ = {isa = PBXFileReference; lastKnownFileType = sourcecode.swift; path = AppDelegate.swift; sourceTree = "<group>"; };
		8075F5D0243A3309000199BA /* SceneDelegate.swift */ = {isa = PBXFileReference; lastKnownFileType = sourcecode.swift; path = SceneDelegate.swift; sourceTree = "<group>"; };
		8075F5D2243A3309000199BA /* ContentView.swift */ = {isa = PBXFileReference; lastKnownFileType = sourcecode.swift; path = ContentView.swift; sourceTree = "<group>"; };
		8075F5D4243A330B000199BA /* Assets.xcassets */ = {isa = PBXFileReference; lastKnownFileType = folder.assetcatalog; path = Assets.xcassets; sourceTree = "<group>"; };
		8075F5D7243A330B000199BA /* Preview Assets.xcassets */ = {isa = PBXFileReference; lastKnownFileType = folder.assetcatalog; path = "Preview Assets.xcassets"; sourceTree = "<group>"; };
		8075F5DA243A330B000199BA /* Base */ = {isa = PBXFileReference; lastKnownFileType = file.storyboard; name = Base; path = Base.lproj/LaunchScreen.storyboard; sourceTree = "<group>"; };
		8075F5DC243A330B000199BA /* Info.plist */ = {isa = PBXFileReference; lastKnownFileType = text.plist.xml; path = Info.plist; sourceTree = "<group>"; };
/* End PBXFileReference section */

/* Begin PBXFrameworksBuildPhase section */
		8075F5C8243A3309000199BA /* Frameworks */ = {
			isa = PBXFrameworksBuildPhase;
			buildActionMask = 2147483647;
			files = (
			);
			runOnlyForDeploymentPostprocessing = 0;
		};
/* End PBXFrameworksBuildPhase section */

/* Begin PBXGroup section */
		8075F5C2243A3309000199BA = {
			isa = PBXGroup;
			children = (
				8075F5CD243A3309000199BA /* MusicGenerator */,
				8075F5CC243A3309000199BA /* Products */,
			);
			sourceTree = "<group>";
		};
		8075F5CC243A3309000199BA /* Products */ = {
			isa = PBXGroup;
			children = (
				8075F5CB243A3309000199BA /* MusicGenerator.app */,
			);
			name = Products;
			sourceTree = "<group>";
		};
		8075F5CD243A3309000199BA /* MusicGenerator */ = {
			isa = PBXGroup;
			children = (
				8075F5E4243A3397000199BA /* Controller */,
				8075F5E3243A3393000199BA /* Model */,
				8075F5E2243A3384000199BA /* View */,
				8075F5CE243A3309000199BA /* AppDelegate.swift */,
				8075F5D0243A3309000199BA /* SceneDelegate.swift */,
				8075F5D2243A3309000199BA /* ContentView.swift */,
				8075F5D4243A330B000199BA /* Assets.xcassets */,
				8075F5D9243A330B000199BA /* LaunchScreen.storyboard */,
				8075F5DC243A330B000199BA /* Info.plist */,
				8075F5D6243A330B000199BA /* Preview Content */,
			);
			path = MusicGenerator;
			sourceTree = "<group>";
		};
		8075F5D6243A330B000199BA /* Preview Content */ = {
			isa = PBXGroup;
			children = (
				8075F5D7243A330B000199BA /* Preview Assets.xcassets */,
			);
			path = "Preview Content";
			sourceTree = "<group>";
		};
		8075F5E2243A3384000199BA /* View */ = {
			isa = PBXGroup;
			children = (
			);
			path = View;
			sourceTree = "<group>";
		};
		8075F5E3243A3393000199BA /* Model */ = {
			isa = PBXGroup;
			children = (
			);
			path = Model;
			sourceTree = "<group>";
		};
		8075F5E4243A3397000199BA /* Controller */ = {
			isa = PBXGroup;
			children = (
			);
			path = Controller;
			sourceTree = "<group>";
		};
/* End PBXGroup section */

/* Begin PBXNativeTarget section */
		8075F5CA243A3309000199BA /* MusicGenerator */ = {
			isa = PBXNativeTarget;
			buildConfigurationList = 8075F5DF243A330B000199BA /* Build configuration list for PBXNativeTarget "MusicGenerator" */;
			buildPhases = (
				8075F5C7243A3309000199BA /* Sources */,
				8075F5C8243A3309000199BA /* Frameworks */,
				8075F5C9243A3309000199BA /* Resources */,
			);
			buildRules = (
			);
			dependencies = (
			);
			name = MusicGenerator;
			productName = MusicGenerator;
			productReference = 8075F5CB243A3309000199BA /* MusicGenerator.app */;
			productType = "com.apple.product-type.application";
		};
/* End PBXNativeTarget section */

/* Begin PBXProject section */
		8075F5C3243A3309000199BA /* Project object */ = {
			isa = PBXProject;
			attributes = {
				LastSwiftUpdateCheck = 1140;
				LastUpgradeCheck = 1140;
				ORGANIZATIONNAME = "Henrique Figueiredo Conte";
				TargetAttributes = {
					8075F5CA243A3309000199BA = {
						CreatedOnToolsVersion = 11.4;
					};
				};
			};
			buildConfigurationList = 8075F5C6243A3309000199BA /* Build configuration list for PBXProject "MusicGenerator" */;
			compatibilityVersion = "Xcode 9.3";
			developmentRegion = en;
			hasScannedForEncodings = 0;
			knownRegions = (
				en,
				Base,
			);
			mainGroup = 8075F5C2243A3309000199BA;
			productRefGroup = 8075F5CC243A3309000199BA /* Products */;
			projectDirPath = "";
			projectRoot = "";
			targets = (
				8075F5CA243A3309000199BA /* MusicGenerator */,
			);
		};
/* End PBXProject section */

/* Begin PBXResourcesBuildPhase section */
		8075F5C9243A3309000199BA /* Resources */ = {
			isa = PBXResourcesBuildPhase;
			buildActionMask = 2147483647;
			files = (
				8075F5DB243A330B000199BA /* LaunchScreen.storyboard in Resources */,
				8075F5D8243A330B000199BA /* Preview Assets.xcassets in Resources */,
				8075F5D5243A330B000199BA /* Assets.xcassets in Resources */,
			);
			runOnlyForDeploymentPostprocessing = 0;
		};
/* End PBXResourcesBuildPhase section */

/* Begin PBXSourcesBuildPhase section */
		8075F5C7243A3309000199BA /* Sources */ = {
			isa = PBXSourcesBuildPhase;
			buildActionMask = 2147483647;
			files = (
				8075F5CF243A3309000199BA /* AppDelegate.swift in Sources */,
				8075F5D1243A3309000199BA /* SceneDelegate.swift in Sources */,
				8075F5D3243A3309000199BA /* ContentView.swift in Sources */,
			);
			runOnlyForDeploymentPostprocessing = 0;
		};
/* End PBXSourcesBuildPhase section */

/* Begin PBXVariantGroup section */
		8075F5D9243A330B000199BA /* LaunchScreen.storyboard */ = {
			isa = PBXVariantGroup;
			children = (
				8075F5DA243A330B000199BA /* Base */,
			);
			name = LaunchScreen.storyboard;
			sourceTree = "<group>";
		};
/* End PBXVariantGroup section */

/* Begin XCBuildConfiguration section */
		8075F5DD243A330B000199BA /* Debug */ = {
			isa = XCBuildConfiguration;
			buildSettings = {
				ALWAYS_SEARCH_USER_PATHS = NO;
				CLANG_ANALYZER_NONNULL = YES;
				CLANG_ANALYZER_NUMBER_OBJECT_CONVERSION = YES_AGGRESSIVE;
				CLANG_CXX_LANGUAGE_STANDARD = "gnu++14";
				CLANG_CXX_LIBRARY = "libc++";
				CLANG_ENABLE_MODULES = YES;
				CLANG_ENABLE_OBJC_ARC = YES;
				CLANG_ENABLE_OBJC_WEAK = YES;
				CLANG_WARN_BLOCK_CAPTURE_AUTORELEASING = YES;
				CLANG_WARN_BOOL_CONVERSION = YES;
				CLANG_WARN_COMMA = YES;
				CLANG_WARN_CONSTANT_CONVERSION = YES;
				CLANG_WARN_DEPRECATED_OBJC_IMPLEMENTATIONS = YES;
				CLANG_WARN_DIRECT_OBJC_ISA_USAGE = YES_ERROR;
				CLANG_WARN_DOCUMENTATION_COMMENTS = YES;
				CLANG_WARN_EMPTY_BODY = YES;
				CLANG_WARN_ENUM_CONVERSION = YES;
				CLANG_WARN_INFINITE_RECURSION = YES;
				CLANG_WARN_INT_CONVERSION = YES;
				CLANG_WARN_NON_LITERAL_NULL_CONVERSION = YES;
				CLANG_WARN_OBJC_IMPLICIT_RETAIN_SELF = YES;
				CLANG_WARN_OBJC_LITERAL_CONVERSION = YES;
				CLANG_WARN_OBJC_ROOT_CLASS = YES_ERROR;
				CLANG_WARN_RANGE_LOOP_ANALYSIS = YES;
				CLANG_WARN_STRICT_PROTOTYPES = YES;
				CLANG_WARN_SUSPICIOUS_MOVE = YES;
				CLANG_WARN_UNGUARDED_AVAILABILITY = YES_AGGRESSIVE;
				CLANG_WARN_UNREACHABLE_CODE = YES;
				CLANG_WARN__DUPLICATE_METHOD_MATCH = YES;
				COPY_PHASE_STRIP = NO;
				DEBUG_INFORMATION_FORMAT = dwarf;
				ENABLE_STRICT_OBJC_MSGSEND = YES;
				ENABLE_TESTABILITY = YES;
				GCC_C_LANGUAGE_STANDARD = gnu11;
				GCC_DYNAMIC_NO_PIC = NO;
				GCC_NO_COMMON_BLOCKS = YES;
				GCC_OPTIMIZATION_LEVEL = 0;
				GCC_PREPROCESSOR_DEFINITIONS = (
					"DEBUG=1",
					"$(inherited)",
				);
				GCC_WARN_64_TO_32_BIT_CONVERSION = YES;
				GCC_WARN_ABOUT_RETURN_TYPE = YES_ERROR;
				GCC_WARN_UNDECLARED_SELECTOR = YES;
				GCC_WARN_UNINITIALIZED_AUTOS = YES_AGGRESSIVE;
				GCC_WARN_UNUSED_FUNCTION = YES;
				GCC_WARN_UNUSED_VARIABLE = YES;
				IPHONEOS_DEPLOYMENT_TARGET = 13.4;
				MTL_ENABLE_DEBUG_INFO = INCLUDE_SOURCE;
				MTL_FAST_MATH = YES;
				ONLY_ACTIVE_ARCH = YES;
				SDKROOT = iphoneos;
				SWIFT_ACTIVE_COMPILATION_CONDITIONS = DEBUG;
				SWIFT_OPTIMIZATION_LEVEL = "-Onone";
			};
			name = Debug;
		};
		8075F5DE243A330B000199BA /* Release */ = {
			isa = XCBuildConfiguration;
			buildSettings = {
				ALWAYS_SEARCH_USER_PATHS = NO;
				CLANG_ANALYZER_NONNULL = YES;
				CLANG_ANALYZER_NUMBER_OBJECT_CONVERSION = YES_AGGRESSIVE;
				CLANG_CXX_LANGUAGE_STANDARD = "gnu++14";
				CLANG_CXX_LIBRARY = "libc++";
				CLANG_ENABLE_MODULES = YES;
				CLANG_ENABLE_OBJC_ARC = YES;
				CLANG_ENABLE_OBJC_WEAK = YES;
				CLANG_WARN_BLOCK_CAPTURE_AUTORELEASING = YES;
				CLANG_WARN_BOOL_CONVERSION = YES;
				CLANG_WARN_COMMA = YES;
				CLANG_WARN_CONSTANT_CONVERSION = YES;
				CLANG_WARN_DEPRECATED_OBJC_IMPLEMENTATIONS = YES;
				CLANG_WARN_DIRECT_OBJC_ISA_USAGE = YES_ERROR;
				CLANG_WARN_DOCUMENTATION_COMMENTS = YES;
				CLANG_WARN_EMPTY_BODY = YES;
				CLANG_WARN_ENUM_CONVERSION = YES;
				CLANG_WARN_INFINITE_RECURSION = YES;
				CLANG_WARN_INT_CONVERSION = YES;
				CLANG_WARN_NON_LITERAL_NULL_CONVERSION = YES;
				CLANG_WARN_OBJC_IMPLICIT_RETAIN_SELF = YES;
				CLANG_WARN_OBJC_LITERAL_CONVERSION = YES;
				CLANG_WARN_OBJC_ROOT_CLASS = YES_ERROR;
				CLANG_WARN_RANGE_LOOP_ANALYSIS = YES;
				CLANG_WARN_STRICT_PROTOTYPES = YES;
				CLANG_WARN_SUSPICIOUS_MOVE = YES;
				CLANG_WARN_UNGUARDED_AVAILABILITY = YES_AGGRESSIVE;
				CLANG_WARN_UNREACHABLE_CODE = YES;
				CLANG_WARN__DUPLICATE_METHOD_MATCH = YES;
				COPY_PHASE_STRIP = NO;
				DEBUG_INFORMATION_FORMAT = "dwarf-with-dsym";
				ENABLE_NS_ASSERTIONS = NO;
				ENABLE_STRICT_OBJC_MSGSEND = YES;
				GCC_C_LANGUAGE_STANDARD = gnu11;
				GCC_NO_COMMON_BLOCKS = YES;
				GCC_WARN_64_TO_32_BIT_CONVERSION = YES;
				GCC_WARN_ABOUT_RETURN_TYPE = YES_ERROR;
				GCC_WARN_UNDECLARED_SELECTOR = YES;
				GCC_WARN_UNINITIALIZED_AUTOS = YES_AGGRESSIVE;
				GCC_WARN_UNUSED_FUNCTION = YES;
				GCC_WARN_UNUSED_VARIABLE = YES;
				IPHONEOS_DEPLOYMENT_TARGET = 13.4;
				MTL_ENABLE_DEBUG_INFO = NO;
				MTL_FAST_MATH = YES;
				SDKROOT = iphoneos;
				SWIFT_COMPILATION_MODE = wholemodule;
				SWIFT_OPTIMIZATION_LEVEL = "-O";
				VALIDATE_PRODUCT = YES;
			};
			name = Release;
		};
		8075F5E0243A330B000199BA /* Debug */ = {
			isa = XCBuildConfiguration;
			buildSettings = {
				ASSETCATALOG_COMPILER_APPICON_NAME = AppIcon;
				CODE_SIGN_STYLE = Automatic;
				DEVELOPMENT_ASSET_PATHS = "\"MusicGenerator/Preview Content\"";
				DEVELOPMENT_TEAM = 4NP5AK64M5;
				ENABLE_PREVIEWS = YES;
				INFOPLIST_FILE = MusicGenerator/Info.plist;
				LD_RUNPATH_SEARCH_PATHS = (
					"$(inherited)",
					"@executable_path/Frameworks",
				);
				PRODUCT_BUNDLE_IDENTIFIER = henriqueConte.MusicGenerator;
				PRODUCT_NAME = "$(TARGET_NAME)";
				SWIFT_VERSION = 5.0;
				TARGETED_DEVICE_FAMILY = "1,2";
			};
			name = Debug;
		};
		8075F5E1243A330B000199BA /* Release */ = {
			isa = XCBuildConfiguration;
			buildSettings = {
				ASSETCATALOG_COMPILER_APPICON_NAME = AppIcon;
				CODE_SIGN_STYLE = Automatic;
				DEVELOPMENT_ASSET_PATHS = "\"MusicGenerator/Preview Content\"";
				DEVELOPMENT_TEAM = 4NP5AK64M5;
				ENABLE_PREVIEWS = YES;
				INFOPLIST_FILE = MusicGenerator/Info.plist;
				LD_RUNPATH_SEARCH_PATHS = (
					"$(inherited)",
					"@executable_path/Frameworks",
				);
				PRODUCT_BUNDLE_IDENTIFIER = henriqueConte.MusicGenerator;
				PRODUCT_NAME = "$(TARGET_NAME)";
				SWIFT_VERSION = 5.0;
				TARGETED_DEVICE_FAMILY = "1,2";
			};
			name = Release;
		};
/* End XCBuildConfiguration section */

/* Begin XCConfigurationList section */
		8075F5C6243A3309000199BA /* Build configuration list for PBXProject "MusicGenerator" */ = {
			isa = XCConfigurationList;
			buildConfigurations = (
				8075F5DD243A330B000199BA /* Debug */,
				8075F5DE243A330B000199BA /* Release */,
			);
			defaultConfigurationIsVisible = 0;
			defaultConfigurationName = Release;
		};
		8075F5DF243A330B000199BA /* Build configuration list for PBXNativeTarget "MusicGenerator" */ = {
			isa = XCConfigurationList;
			buildConfigurations = (
				8075F5E0243A330B000199BA /* Debug */,
				8075F5E1243A330B000199BA /* Release */,
			);
			defaultConfigurationIsVisible = 0;
			defaultConfigurationName = Release;
		};
/* End XCConfigurationList section */
	};
	rootObject = 8075F5C3243A3309000199BA /* Project object */;
}
